
Microsoft Visual Studio Solution File, Format Version 12.00
# Visual Studio Version 17
VisualStudioVersion = 17.8.34316.72
MinimumVisualStudioVersion = 10.0.40219.1
Project("{FAE04EC0-301F-11D3-BF4B-00C04F79EFBC}") = "Kalkulyator", "Kalkulyator\Kalkulyator.csproj", "{06E64C09-B463-44A3-BCCD-243CD7DB3F06}"
EndProject
Global
	GlobalSection(SolutionConfigurationPlatforms) = preSolution
		Debug|Any CPU = Debug|Any CPU
		Release|Any CPU = Release|Any CPU
	EndGlobalSection
	GlobalSection(ProjectConfigurationPlatforms) = postSolution
		{06E64C09-B463-44A3-BCCD-243CD7DB3F06}.Debug|Any CPU.ActiveCfg = Debug|Any CPU
		{06E64C09-B463-44A3-BCCD-243CD7DB3F06}.Debug|Any CPU.Build.0 = Debug|Any CPU
		{06E64C09-B463-44A3-BCCD-243CD7DB3F06}.Release|Any CPU.ActiveCfg = Release|Any CPU
		{06E64C09-B463-44A3-BCCD-243CD7DB3F06}.Release|Any CPU.Build.0 = Release|Any CPU
	EndGlobalSection
	GlobalSection(SolutionProperties) = preSolution
		HideSolutionNode = FALSE
	EndGlobalSection
	GlobalSection(ExtensibilityGlobals) = postSolution
		SolutionGuid = {ED140B4E-2341-4D2E-AE99-501F66F84F15}
	EndGlobalSection
EndGlobal
